
Microsoft Visual Studio Solution File, Format Version 12.00
# Visual Studio 15
VisualStudioVersion = 15.0.26730.16
MinimumVisualStudioVersion = 10.0.40219.1
Project("{FAE04EC0-301F-11D3-BF4B-00C04F79EFBC}") = "Students.Api", "Students.Api\Students.Api.csproj", "{564D1BE8-9E34-4550-9200-90DE8CBE0E30}"
EndProject
Project("{E53339B2-1760-4266-BCC7-CA923CBCF16C}") = "docker-compose", "docker-compose.dcproj", "{778FD55C-DDD9-43D2-87E9-5214C1FB8243}"
EndProject
Global
	GlobalSection(SolutionConfigurationPlatforms) = preSolution
		Debug|Any CPU = Debug|Any CPU
		Release|Any CPU = Release|Any CPU
	EndGlobalSection
	GlobalSection(ProjectConfigurationPlatforms) = postSolution
		{564D1BE8-9E34-4550-9200-90DE8CBE0E30}.Debug|Any CPU.ActiveCfg = Debug|Any CPU
		{564D1BE8-9E34-4550-9200-90DE8CBE0E30}.Debug|Any CPU.Build.0 = Debug|Any CPU
		{564D1BE8-9E34-4550-9200-90DE8CBE0E30}.Release|Any CPU.ActiveCfg = Release|Any CPU
		{564D1BE8-9E34-4550-9200-90DE8CBE0E30}.Release|Any CPU.Build.0 = Release|Any CPU
		{778FD55C-DDD9-43D2-87E9-5214C1FB8243}.Debug|Any CPU.ActiveCfg = Debug|Any CPU
		{778FD55C-DDD9-43D2-87E9-5214C1FB8243}.Debug|Any CPU.Build.0 = Debug|Any CPU
		{778FD55C-DDD9-43D2-87E9-5214C1FB8243}.Release|Any CPU.ActiveCfg = Release|Any CPU
		{778FD55C-DDD9-43D2-87E9-5214C1FB8243}.Release|Any CPU.Build.0 = Release|Any CPU
	EndGlobalSection
	GlobalSection(SolutionProperties) = preSolution
		HideSolutionNode = FALSE
	EndGlobalSection
	GlobalSection(ExtensibilityGlobals) = postSolution
		SolutionGuid = {82A54DAD-F099-4093-8950-89A73C755CC6}
	EndGlobalSection
EndGlobal
